version = 1
revision = 3
requires-python = ">=3.11"

[[package]]
name = "commitlint"
version = "1.3.1"
source = { registry = "https://pypi.org/simple" }
sdist = { url = "https://files.pythonhosted.org/packages/99/c1/42ee438955d0df9bf311dc4c573a49fb7215d915b224ee49566c6d11a318/commitlint-1.3.1.tar.gz", hash = "sha256:2a0123636bd12cb47f96034af0711d302403e80e47bac815f26c495420929d53", size = 23896, upload-time = "2025-08-25T13:19:35.965Z" }
wheels = [
    { url = "https://files.pythonhosted.org/packages/78/bb/7413a18bff34f38a0b3283558dc25119c21426964619080e0061aadd3bb0/commitlint-1.3.1-py3-none-any.whl", hash = "sha256:02024a64a785c7b5f2c6accb33415efb61d428b90e0231480ac49b8b07624520", size = 26643, upload-time = "2025-08-25T13:19:35.173Z" },
]

[[package]]
name = "compilationdb"
source = { editable = "." }

[package.dev-dependencies]
dev = [
    { name = "commitlint" },
    { name = "editorconfig-checker" },
    { name = "lefthook" },
    { name = "ruff" },
    { name = "ty" },
    { name = "typos" },
]

[package.metadata]

[package.metadata.requires-dev]
dev = [
    { name = "commitlint", specifier = "==1.3.1" },
    { name = "editorconfig-checker", specifier = "==3.4.1" },
    { name = "lefthook", specifier = "==2.0.4" },
    { name = "ruff", specifier = "==0.14.5" },
    { name = "ty", specifier = "==0.0.1a25" },
    { name = "typos", specifier = "==1.39.2" },
]

[[package]]
name = "editorconfig-checker"
version = "3.4.1"
source = { registry = "https://pypi.org/simple" }
sdist = { url = "https://files.pythonhosted.org/packages/18/61/b48245542a9fba03537d27d4e65686290bc7e409659d0424d8be5df05a47/editorconfig_checker-3.4.1.tar.gz", hash = "sha256:11468139bd1545b96a8ee54ed7dbc9f065082e0a0d6575a22050773bbcfed6c1", size = 4781, upload-time = "2025-10-29T21:47:08.99Z" }

[[package]]
name = "lefthook"
version = "2.0.4"
source = { registry = "https://pypi.org/simple" }
sdist = { url = "https://files.pythonhosted.org/packages/fa/9b/51e950ae394e77b606cd220a2cfbe5216b9df52abe4ac3491408c6665b8d/lefthook-2.0.4.tar.gz", hash = "sha256:4962717a4db4474929ca269e8f4766ca99a6cf88db399f98ffc36d49939f3359", size = 54466984, upload-time = "2025-11-13T09:08:23.148Z" }
wheels = [
    { url = "https://files.pythonhosted.org/packages/7e/7f/dc7c506d1df93affb720910c7ca57a45064a997ea551966734063f8c7512/lefthook-2.0.4-py3-none-any.whl", hash = "sha256:2aa8c4d3ccd3b9d12d31967d58817c54390bc175034e699143bc29d81add57eb", size = 54721020, upload-time = "2025-11-13T09:08:18.644Z" },
]

[[package]]
name = "ruff"
version = "0.14.5"
source = { registry = "https://pypi.org/simple" }
sdist = { url = "https://files.pythonhosted.org/packages/82/fa/fbb67a5780ae0f704876cb8ac92d6d76da41da4dc72b7ed3565ab18f2f52/ruff-0.14.5.tar.gz", hash = "sha256:8d3b48d7d8aad423d3137af7ab6c8b1e38e4de104800f0d596990f6ada1a9fc1", size = 5615944, upload-time = "2025-11-13T19:58:51.155Z" }
wheels = [
    { url = "https://files.pythonhosted.org/packages/68/31/c07e9c535248d10836a94e4f4e8c5a31a1beed6f169b31405b227872d4f4/ruff-0.14.5-py3-none-linux_armv6l.whl", hash = "sha256:f3b8248123b586de44a8018bcc9fefe31d23dda57a34e6f0e1e53bd51fd63594", size = 13171630, upload-time = "2025-11-13T19:57:54.894Z" },
    { url = "https://files.pythonhosted.org/packages/8e/5c/283c62516dca697cd604c2796d1487396b7a436b2f0ecc3fd412aca470e0/ruff-0.14.5-py3-none-macosx_10_12_x86_64.whl", hash = "sha256:f7a75236570318c7a30edd7f5491945f0169de738d945ca8784500b517163a72", size = 13413925, upload-time = "2025-11-13T19:57:59.181Z" },
    { url = "https://files.pythonhosted.org/packages/b6/f3/aa319f4afc22cb6fcba2b9cdfc0f03bbf747e59ab7a8c5e90173857a1361/ruff-0.14.5-py3-none-macosx_11_0_arm64.whl", hash = "sha256:6d146132d1ee115f8802356a2dc9a634dbf58184c51bff21f313e8cd1c74899a", size = 12574040, upload-time = "2025-11-13T19:58:02.056Z" },
    { url = "https://files.pythonhosted.org/packages/f9/7f/cb5845fcc7c7e88ed57f58670189fc2ff517fe2134c3821e77e29fd3b0c8/ruff-0.14.5-py3-none-manylinux_2_17_aarch64.manylinux2014_aarch64.whl", hash = "sha256:e2380596653dcd20b057794d55681571a257a42327da8894b93bbd6111aa801f", size = 13009755, upload-time = "2025-11-13T19:58:05.172Z" },
    { url = "https://files.pythonhosted.org/packages/21/d2/bcbedbb6bcb9253085981730687ddc0cc7b2e18e8dc13cf4453de905d7a0/ruff-0.14.5-py3-none-manylinux_2_17_armv7l.manylinux2014_armv7l.whl", hash = "sha256:2d1fa985a42b1f075a098fa1ab9d472b712bdb17ad87a8ec86e45e7fa6273e68", size = 12937641, upload-time = "2025-11-13T19:58:08.345Z" },
    { url = "https://files.pythonhosted.org/packages/a4/58/e25de28a572bdd60ffc6bb71fc7fd25a94ec6a076942e372437649cbb02a/ruff-0.14.5-py3-none-manylinux_2_17_i686.manylinux2014_i686.whl", hash = "sha256:88f0770d42b7fa02bbefddde15d235ca3aa24e2f0137388cc15b2dcbb1f7c7a7", size = 13610854, upload-time = "2025-11-13T19:58:11.419Z" },
    { url = "https://files.pythonhosted.org/packages/7d/24/43bb3fd23ecee9861970978ea1a7a63e12a204d319248a7e8af539984280/ruff-0.14.5-py3-none-manylinux_2_17_ppc64.manylinux2014_ppc64.whl", hash = "sha256:3676cb02b9061fee7294661071c4709fa21419ea9176087cb77e64410926eb78", size = 15061088, upload-time = "2025-11-13T19:58:14.551Z" },
    { url = "https://files.pythonhosted.org/packages/23/44/a022f288d61c2f8c8645b24c364b719aee293ffc7d633a2ca4d116b9c716/ruff-0.14.5-py3-none-manylinux_2_17_ppc64le.manylinux2014_ppc64le.whl", hash = "sha256:b595bedf6bc9cab647c4a173a61acf4f1ac5f2b545203ba82f30fcb10b0318fb", size = 14734717, upload-time = "2025-11-13T19:58:17.518Z" },
    { url = "https://files.pythonhosted.org/packages/58/81/5c6ba44de7e44c91f68073e0658109d8373b0590940efe5bd7753a2585a3/ruff-0.14.5-py3-none-manylinux_2_17_s390x.manylinux2014_s390x.whl", hash = "sha256:f55382725ad0bdb2e8ee2babcbbfb16f124f5a59496a2f6a46f1d9d99d93e6e2", size = 14028812, upload-time = "2025-11-13T19:58:20.533Z" },
    { url = "https://files.pythonhosted.org/packages/ad/ef/41a8b60f8462cb320f68615b00299ebb12660097c952c600c762078420f8/ruff-0.14.5-py3-none-manylinux_2_17_x86_64.manylinux2014_x86_64.whl", hash = "sha256:7497d19dce23976bdaca24345ae131a1d38dcfe1b0850ad8e9e6e4fa321a6e19", size = 13825656, upload-time = "2025-11-13T19:58:23.345Z" },
    { url = "https://files.pythonhosted.org/packages/7c/00/207e5de737fdb59b39eb1fac806904fe05681981b46d6a6db9468501062e/ruff-0.14.5-py3-none-manylinux_2_31_riscv64.whl", hash = "sha256:410e781f1122d6be4f446981dd479470af86537fb0b8857f27a6e872f65a38e4", size = 13959922, upload-time = "2025-11-13T19:58:26.537Z" },
    { url = "https://files.pythonhosted.org/packages/bc/7e/fa1f5c2776db4be405040293618846a2dece5c70b050874c2d1f10f24776/ruff-0.14.5-py3-none-musllinux_1_2_aarch64.whl", hash = "sha256:c01be527ef4c91a6d55e53b337bfe2c0f82af024cc1a33c44792d6844e2331e1", size = 12932501, upload-time = "2025-11-13T19:58:29.822Z" },
    { url = "https://files.pythonhosted.org/packages/67/d8/d86bf784d693a764b59479a6bbdc9515ae42c340a5dc5ab1dabef847bfaa/ruff-0.14.5-py3-none-musllinux_1_2_armv7l.whl", hash = "sha256:f66e9bb762e68d66e48550b59c74314168ebb46199886c5c5aa0b0fbcc81b151", size = 12927319, upload-time = "2025-11-13T19:58:32.923Z" },
    { url = "https://files.pythonhosted.org/packages/ac/de/ee0b304d450ae007ce0cb3e455fe24fbcaaedae4ebaad6c23831c6663651/ruff-0.14.5-py3-none-musllinux_1_2_i686.whl", hash = "sha256:d93be8f1fa01022337f1f8f3bcaa7ffee2d0b03f00922c45c2207954f351f465", size = 13206209, upload-time = "2025-11-13T19:58:35.952Z" },
    { url = "https://files.pythonhosted.org/packages/33/aa/193ca7e3a92d74f17d9d5771a765965d2cf42c86e6f0fd95b13969115723/ruff-0.14.5-py3-none-musllinux_1_2_x86_64.whl", hash = "sha256:c135d4b681f7401fe0e7312017e41aba9b3160861105726b76cfa14bc25aa367", size = 13953709, upload-time = "2025-11-13T19:58:39.002Z" },
    { url = "https://files.pythonhosted.org/packages/cc/f1/7119e42aa1d3bf036ffc9478885c2e248812b7de9abea4eae89163d2929d/ruff-0.14.5-py3-none-win32.whl", hash = "sha256:c83642e6fccfb6dea8b785eb9f456800dcd6a63f362238af5fc0c83d027dd08b", size = 12925808, upload-time = "2025-11-13T19:58:42.779Z" },
    { url = "https://files.pythonhosted.org/packages/3b/9d/7c0a255d21e0912114784e4a96bf62af0618e2190cae468cd82b13625ad2/ruff-0.14.5-py3-none-win_amd64.whl", hash = "sha256:9d55d7af7166f143c94eae1db3312f9ea8f95a4defef1979ed516dbb38c27621", size = 14331546, upload-time = "2025-11-13T19:58:45.691Z" },
    { url = "https://files.pythonhosted.org/packages/e5/80/69756670caedcf3b9be597a6e12276a6cf6197076eb62aad0c608f8efce0/ruff-0.14.5-py3-none-win_arm64.whl", hash = "sha256:4b700459d4649e2594b31f20a9de33bc7c19976d4746d8d0798ad959621d64a4", size = 13433331, upload-time = "2025-11-13T19:58:48.434Z" },
]

[[package]]
name = "ty"
version = "0.0.1a25"
source = { registry = "https://pypi.org/simple" }
sdist = { url = "https://files.pythonhosted.org/packages/f6/6b/e73bc3c1039ea72936158a08313155a49e5aa5e7db5205a149fe516a4660/ty-0.0.1a25.tar.gz", hash = "sha256:5550b24b9dd0e0f8b4b2c1f0fcc608a55d0421dd67b6c364bc7bf25762334511", size = 4403670, upload-time = "2025-10-29T19:40:23.647Z" }
wheels = [
    { url = "https://files.pythonhosted.org/packages/8f/3b/4457231238a2eeb04cba4ba7cc33d735be68ee46ca40a98ae30e187de864/ty-0.0.1a25-py3-none-linux_armv6l.whl", hash = "sha256:d35b2c1f94a014a22875d2745aa0432761d2a9a8eb7212630d5caf547daeef6d", size = 8878803, upload-time = "2025-10-29T19:39:42.243Z" },
    { url = "https://files.pythonhosted.org/packages/8a/fa/a328713dd310018fc7a381693d8588185baa2fdae913e01a6839187215df/ty-0.0.1a25-py3-none-macosx_10_12_x86_64.whl", hash = "sha256:192edac94675a468bac7f6e04687a77a64698e4e1fe01f6a048bf9b6dde5b703", size = 8695667, upload-time = "2025-10-29T19:39:45.179Z" },
    { url = "https://files.pythonhosted.org/packages/22/e8/5707939118992ced2bf5385adc3ede7723c1b717b07ad14c495eea1e47b4/ty-0.0.1a25-py3-none-macosx_11_0_arm64.whl", hash = "sha256:949523621f336e01bc7d687b7bd08fe838edadbdb6563c2c057ed1d264e820cf", size = 8159012, upload-time = "2025-10-29T19:39:47.011Z" },
    { url = "https://files.pythonhosted.org/packages/eb/fb/ff313aa71602225cd78f1bce3017713d6d1b1c1e0fa8101ead4594a60d95/ty-0.0.1a25-py3-none-manylinux_2_17_aarch64.manylinux2014_aarch64.whl", hash = "sha256:94f78f621458c05e59e890061021198197f29a7b51a33eda82bbb036e7ed73d7", size = 8433675, upload-time = "2025-10-29T19:39:48.443Z" },
    { url = "https://files.pythonhosted.org/packages/c0/8d/cc7e7fb57215a15b575a43ed042bdd92971871e0decec1b26d2e7d969465/ty-0.0.1a25-py3-none-manylinux_2_17_armv7l.manylinux2014_armv7l.whl", hash = "sha256:d9656fca8062a2c6709c30d76d662c96d2e7dbfee8f70e55ec6b6afd67b5d447", size = 8668456, upload-time = "2025-10-29T19:39:50.412Z" },
    { url = "https://files.pythonhosted.org/packages/b8/6d/d7bf5909ed2dcdcbc1e2ca7eea80929893e2d188d9c36b3fcb2b36532ff6/ty-0.0.1a25-py3-none-manylinux_2_17_i686.manylinux2014_i686.whl", hash = "sha256:a9f3bbf523b49935bbd76e230408d858dce0d614f44f5807bbbd0954f64e0f01", size = 9023543, upload-time = "2025-10-29T19:39:52.292Z" },
    { url = "https://files.pythonhosted.org/packages/b4/b8/72bcefb4be32e5a84f0b21de2552f16cdb4cae3eb271ac891c8199c26b1a/ty-0.0.1a25-py3-none-manylinux_2_17_ppc64.manylinux2014_ppc64.whl", hash = "sha256:f13ea9815f4a54a0a303ca7bf411b0650e3c2a24fc6c7889ffba2c94f5e97a6a", size = 9700013, upload-time = "2025-10-29T19:39:57.283Z" },
    { url = "https://files.pythonhosted.org/packages/90/0d/cf7e794b840cf6b0bbecb022e593c543f85abad27a582241cf2095048cb1/ty-0.0.1a25-py3-none-manylinux_2_17_ppc64le.manylinux2014_ppc64le.whl", hash = "sha256:eab6e33ebe202a71a50c3d5a5580e3bc1a85cda3ffcdc48cec3f1c693b7a873b", size = 9372574, upload-time = "2025-10-29T19:40:04.532Z" },
    { url = "https://files.pythonhosted.org/packages/1e/71/2d35e7d51b48eabd330e2f7b7e0bce541cbd95950c4d2f780e85f3366af1/ty-0.0.1a25-py3-none-manylinux_2_17_s390x.manylinux2014_s390x.whl", hash = "sha256:f6b9a31da43424cdab483703a54a561b93aabba84630788505329fc5294a9c62", size = 9535726, upload-time = "2025-10-29T19:40:06.548Z" },
    { url = "https://files.pythonhosted.org/packages/57/d3/01ecc23bbd8f3e0dfbcf9172d06d84e88155c5f416f1491137e8066fd859/ty-0.0.1a25-py3-none-manylinux_2_17_x86_64.manylinux2014_x86_64.whl", hash = "sha256:0a90d897a7c1a5ae9b41a4c7b0a42262a06361476ad88d783dbedd7913edadbc", size = 9003380, upload-time = "2025-10-29T19:40:08.683Z" },
    { url = "https://files.pythonhosted.org/packages/de/f9/cde9380d8a1a6ca61baeb9aecb12cbec90d489aa929be55cd78ad5c2ccd9/ty-0.0.1a25-py3-none-musllinux_1_2_aarch64.whl", hash = "sha256:93c7e7ab2859af0f866d34d27f4ae70dd4fb95b847387f082de1197f9f34e068", size = 8401833, upload-time = "2025-10-29T19:40:10.627Z" },
    { url = "https://files.pythonhosted.org/packages/0b/39/0acf3625b0c495011795a391016b572f97a812aca1d67f7a76621fdb9ebf/ty-0.0.1a25-py3-none-musllinux_1_2_armv7l.whl", hash = "sha256:4a247061bd32bae3865a236d7f8b6c9916c80995db30ae1600999010f90623a9", size = 8706761, upload-time = "2025-10-29T19:40:12.575Z" },
    { url = "https://files.pythonhosted.org/packages/25/73/7de1648f3563dd9d416d36ab5f1649bfd7b47a179135027f31d44b89a246/ty-0.0.1a25-py3-none-musllinux_1_2_i686.whl", hash = "sha256:1711dd587eccf04fd50c494dc39babe38f4cb345bc3901bf1d8149cac570e979", size = 8792426, upload-time = "2025-10-29T19:40:14.553Z" },
    { url = "https://files.pythonhosted.org/packages/7d/8a/b6e761a65eac7acd10b2e452f49b2d8ae0ea163ca36bb6b18b2dadae251b/ty-0.0.1a25-py3-none-musllinux_1_2_x86_64.whl", hash = "sha256:5f4c9b0cf7995e2e3de9bab4d066063dea92019f2f62673b7574e3612643dd35", size = 9103991, upload-time = "2025-10-29T19:40:16.332Z" },
    { url = "https://files.pythonhosted.org/packages/e4/25/9324ae947fcc4322470326cf8276a3fc2f08dc82adec1de79d963fdf7af5/ty-0.0.1a25-py3-none-win32.whl", hash = "sha256:168fc8aee396d617451acc44cd28baffa47359777342836060c27aa6f37e2445", size = 8387095, upload-time = "2025-10-29T19:40:18.368Z" },
    { url = "https://files.pythonhosted.org/packages/3b/2b/cb12cbc7db1ba310aa7b1de9b4e018576f653105993736c086ee67d2ec02/ty-0.0.1a25-py3-none-win_amd64.whl", hash = "sha256:a2fad3d8e92bb4d57a8872a6f56b1aef54539d36f23ebb01abe88ac4338efafb", size = 9059225, upload-time = "2025-10-29T19:40:20.278Z" },
    { url = "https://files.pythonhosted.org/packages/2f/c1/f6be8cdd0bf387c1d8ee9d14bb299b7b5d2c0532f550a6693216a32ec0c5/ty-0.0.1a25-py3-none-win_arm64.whl", hash = "sha256:dde2962d448ed87c48736e9a4bb13715a4cced705525e732b1c0dac1d4c66e3d", size = 8536832, upload-time = "2025-10-29T19:40:22.014Z" },
]

[[package]]
name = "typos"
version = "1.39.2"
source = { registry = "https://pypi.org/simple" }
sdist = { url = "https://files.pythonhosted.org/packages/3c/ce/798c6fb728ada6dca01020afe7ba849019e8a1557e2a2dcdafa124450337/typos-1.39.2.tar.gz", hash = "sha256:8adcffef1a8c0cb505befa3588ec057c654449b2516a0283f663fe5bbce07898", size = 1760834, upload-time = "2025-11-13T18:38:36.579Z" }
wheels = [
    { url = "https://files.pythonhosted.org/packages/bd/57/c35f9f585e12c1831cd00687328994c58cdb3c29b8652918007b719c40c1/typos-1.39.2-py3-none-macosx_10_12_x86_64.whl", hash = "sha256:259f03703ff1a651fd1b85cd670135afb8ab5c894bc2f47db9a2608adaacabbe", size = 3505142, upload-time = "2025-11-13T18:38:16.609Z" },
    { url = "https://files.pythonhosted.org/packages/48/01/3f47d9d67821addf6d697259e54736f1937d4787c7a17f32adc0382149db/typos-1.39.2-py3-none-macosx_11_0_arm64.whl", hash = "sha256:3c76967a807ad607baa68093915a0882ae161317d720760fab1e4a4448be5a8a", size = 3387192, upload-time = "2025-11-13T18:38:19.541Z" },
    { url = "https://files.pythonhosted.org/packages/16/c2/4109f47700363a4c6db6a088ac9b4ac2cce3cebb96277af53a0d154727c9/typos-1.39.2-py3-none-manylinux_2_17_aarch64.manylinux2014_aarch64.whl", hash = "sha256:e8bd555f08031676516133dcddf46c7ed7cf5f0bb5d3989ea78592485ef47c6d", size = 8205619, upload-time = "2025-11-13T18:38:21.548Z" },
    { url = "https://files.pythonhosted.org/packages/63/1f/a3b66a820f94c2ee91078d775bc8c662cfaef36f33a5c258cce32957cd1a/typos-1.39.2-py3-none-manylinux_2_17_i686.manylinux2014_i686.whl", hash = "sha256:cbfa249349d9c06e5ef3452bc7696267f29ec1a7c005a422b6e9fff906b9b52e", size = 7185111, upload-time = "2025-11-13T18:38:23.921Z" },
    { url = "https://files.pythonhosted.org/packages/e3/b5/1702763ae72cf8c3e52af9ae91834ec229a3f2b927b6f975e7920b8cfc4c/typos-1.39.2-py3-none-manylinux_2_17_x86_64.manylinux2014_x86_64.whl", hash = "sha256:5d3690011e09ce92a8ea2563ce43dd3bcd8341314d8d9db40c34c0ac6722c860", size = 7723718, upload-time = "2025-11-13T18:38:26.005Z" },
    { url = "https://files.pythonhosted.org/packages/65/38/f2d6a9908cdc3a5a6cc0a2f7510fa5a81b6438e3360f30e9f04a6086c5a3/typos-1.39.2-py3-none-musllinux_1_2_aarch64.whl", hash = "sha256:f112aad95b60717510ace69c21e70dc9b3785c10d42e6bda4391a05801b2ee9d", size = 7103485, upload-time = "2025-11-13T18:38:28.006Z" },
    { url = "https://files.pythonhosted.org/packages/78/05/35ac5e58f367720d75bedaf419173dd8caf9e9b62cd040ff1eb885c9aa25/typos-1.39.2-py3-none-musllinux_1_2_x86_64.whl", hash = "sha256:9221c88ee88532ef4b259bd94f1cb669bee9752ccd196eac45e0be7d5850c3e3", size = 8134326, upload-time = "2025-11-13T18:38:30.078Z" },
    { url = "https://files.pythonhosted.org/packages/69/37/1de337e2cb0bb0a457fdb01230f2d88b9de7ac90ebac9591dcd5d8f3dded/typos-1.39.2-py3-none-win32.whl", hash = "sha256:a8fefdcfccce6b9cdd6a343930c5b86e818dca48af661ba719964261040e609b", size = 3061270, upload-time = "2025-11-13T18:38:33.207Z" },
    { url = "https://files.pythonhosted.org/packages/b3/ba/c04aaae18c66ead2beef5395a168895e18f6760a2f93f9d9ae7797dbcc06/typos-1.39.2-py3-none-win_amd64.whl", hash = "sha256:974d4fa7327dea198764d6eb1995a367e39779b6c70de6937511512adbb7e3cb", size = 3249181, upload-time = "2025-11-13T18:38:34.773Z" },
]
