version = 1
revision = 3
requires-python = ">=3.11"

[[package]]
name = "colorama"
version = "0.4.6"
source = { registry = "https://pypi.org/simple" }
sdist = { url = "https://files.pythonhosted.org/packages/d8/53/6f443c9a4a8358a93a6792e2acffb9d9d5cb0a5cfd8802644b7b1c9a02e4/colorama-0.4.6.tar.gz", hash = "sha256:08695f5cb7ed6e0531a20572697297273c47b8cae5a63ffc6d6ed5c201be6e44", size = 27697, upload-time = "2022-10-25T02:36:22.414Z" }
wheels = [
    { url = "https://files.pythonhosted.org/packages/d1/d6/3965ed04c63042e047cb6a3e6ed1a63a35087b6a609aa3a15ed8ac56c221/colorama-0.4.6-py2.py3-none-any.whl", hash = "sha256:4f1d9991f5acc0ca119f9d443620b77f9d6b33703e51011c16baf57afb285fc6", size = 25335, upload-time = "2022-10-25T02:36:20.889Z" },
]

[[package]]
name = "committed"
version = "1.1.10"
source = { registry = "https://pypi.org/simple" }
sdist = { url = "https://files.pythonhosted.org/packages/4c/a6/3942582f1421bf9f0ff6fe7d347d144d3ef4f1d5875b0cbe914afd45c1d7/committed-1.1.10.tar.gz", hash = "sha256:23c39f532964fa3098e838aa3bceac6416adb7be1b167cae656398f0919b54f4", size = 25218, upload-time = "2026-01-09T17:05:02.334Z" }
wheels = [
    { url = "https://files.pythonhosted.org/packages/73/75/4ed19990f0ad640c18f77d41553948d6dd79ee4a09cbe617d5ae596422dc/committed-1.1.10-py3-none-macosx_10_12_x86_64.whl", hash = "sha256:51d8e1206e6f89ec6ad4955e3de6e49e68695b9a0a54d4ba3c7ea530190fecb6", size = 1482023, upload-time = "2026-01-09T17:04:46.059Z" },
    { url = "https://files.pythonhosted.org/packages/d5/eb/5e1369069cab79bd6bba149a769a0533d3987a6a712d9c0ef6c736db0165/committed-1.1.10-py3-none-macosx_11_0_arm64.whl", hash = "sha256:1e3a2457e8c436a0104433a3626ee333254b062ab622abda33d31425c609bb12", size = 1365732, upload-time = "2026-01-09T17:04:47.812Z" },
    { url = "https://files.pythonhosted.org/packages/b9/b4/6fbcda7ea713f85f65b344efc2ad2b698eea096401a16d508da18c1498c8/committed-1.1.10-py3-none-manylinux_2_17_aarch64.manylinux2014_aarch64.whl", hash = "sha256:229e32339b6022e104c8d378d84a13ff8b0f31cbea8182816619296b37e635c5", size = 1558152, upload-time = "2026-01-09T17:04:49.723Z" },
    { url = "https://files.pythonhosted.org/packages/06/06/e313af2e48a0dab1389359e92f134c552ff1602992946c40689a3e4f09d6/committed-1.1.10-py3-none-manylinux_2_17_i686.manylinux2014_i686.whl", hash = "sha256:d437292ae18ad5c1a53560e681fc7e788d4d068b19a4e0f45db6086cac62b1a2", size = 1631266, upload-time = "2026-01-09T17:04:51.529Z" },
    { url = "https://files.pythonhosted.org/packages/80/6e/69dd37a3bb8d7f1a209a6d308666deebb3cb9fb5afdae0f700b39eac3648/committed-1.1.10-py3-none-manylinux_2_17_x86_64.manylinux2014_x86_64.whl", hash = "sha256:fff7898255d9203306a2f0d959ac395f1d328991019d58b7f4e853455f44a155", size = 1594238, upload-time = "2026-01-09T17:04:53.475Z" },
    { url = "https://files.pythonhosted.org/packages/e1/fb/017f329c740bf461cf8a32b7be1aa503747506f66ff654681361833752f0/committed-1.1.10-py3-none-musllinux_1_2_aarch64.whl", hash = "sha256:d3d294876d72c383d5b3ed36dc6585765af6f49e3e40edceb9ee1ac00a3f927a", size = 1603152, upload-time = "2026-01-09T17:04:55.389Z" },
    { url = "https://files.pythonhosted.org/packages/9c/72/0a164f2e38186f2ed787082221da9505b94a8bc800ba65be260e65b2fefe/committed-1.1.10-py3-none-musllinux_1_2_x86_64.whl", hash = "sha256:4821e94b3fa9967e0e19dfe5ee5c408b39cc9c5a8874619fd2f71dda859408c5", size = 1706345, upload-time = "2026-01-09T17:04:57.281Z" },
    { url = "https://files.pythonhosted.org/packages/33/59/369a227a668c08066f19b0483b39138c462932e37bd7d748a6a72a91737e/committed-1.1.10-py3-none-win32.whl", hash = "sha256:8060559ad7ddfb25e25654627061f498b55f23c4c5054df5fa41053401afe9cd", size = 1487469, upload-time = "2026-01-09T17:04:59.177Z" },
    { url = "https://files.pythonhosted.org/packages/0b/59/0071f6b32e5b7ea628f6b294a73fc87a56fff953358c07541c8b45ced4f1/committed-1.1.10-py3-none-win_amd64.whl", hash = "sha256:0617cd0662191d578ea11f28b15cf4d534fd94d771b83cea1fe6b7db691c39e2", size = 1670729, upload-time = "2026-01-09T17:05:01.002Z" },
]

[[package]]
name = "compilationdb"
source = { editable = "." }

[package.dev-dependencies]
dev = [
    { name = "committed" },
    { name = "editorconfig-checker" },
    { name = "lefthook" },
    { name = "ruff" },
    { name = "taskipy" },
    { name = "ty" },
    { name = "typos" },
]

[package.metadata]

[package.metadata.requires-dev]
dev = [
    { name = "committed", specifier = "==1.1.10" },
    { name = "editorconfig-checker", specifier = "==3.6.0" },
    { name = "lefthook", specifier = "==2.0.15" },
    { name = "ruff", specifier = "==0.15.2" },
    { name = "taskipy", specifier = "==1.14.1" },
    { name = "ty", specifier = "==0.0.19" },
    { name = "typos", specifier = "==1.43.5" },
]

[[package]]
name = "editorconfig-checker"
version = "3.6.0"
source = { registry = "https://pypi.org/simple" }
sdist = { url = "https://files.pythonhosted.org/packages/36/33/00730df977c6d3b18441f7726f503036db678ed089b10710ed6b6dd299a3/editorconfig_checker-3.6.0.tar.gz", hash = "sha256:dcaf0248ad7e8539fda03857c300267a4af004e0c2aaa195485e6be85034f6d0", size = 4769, upload-time = "2025-11-30T14:39:19.464Z" }

[[package]]
name = "lefthook"
version = "2.0.15"
source = { registry = "https://pypi.org/simple" }
sdist = { url = "https://files.pythonhosted.org/packages/7c/8f/e90724128f481c637b7e9343b6535622cfa136541959a49f8a3de0d0e7a5/lefthook-2.0.15.tar.gz", hash = "sha256:8a32c9f2d44f0ff0f3e3ab48f9802ca10f1222b491f3f14e03f577ec175b6649", size = 50175274, upload-time = "2026-01-13T10:02:58.76Z" }
wheels = [
    { url = "https://files.pythonhosted.org/packages/7c/d5/243d967f541d422a7252f92dbcc201cfd588bd404a66935baacc83be49c5/lefthook-2.0.15-py3-none-any.whl", hash = "sha256:54b174520f18a4fa2545ff1e5eae4c4d2515539fb25b8c4fe04b9224a2ff07ee", size = 50416709, upload-time = "2026-01-13T10:02:55.761Z" },
]

[[package]]
name = "mslex"
version = "1.3.0"
source = { registry = "https://pypi.org/simple" }
sdist = { url = "https://files.pythonhosted.org/packages/e0/97/7022667073c99a0fe028f2e34b9bf76b49a611afd21b02527fbfd92d4cd5/mslex-1.3.0.tar.gz", hash = "sha256:641c887d1d3db610eee2af37a8e5abda3f70b3006cdfd2d0d29dc0d1ae28a85d", size = 11583, upload-time = "2024-10-16T13:16:18.523Z" }
wheels = [
    { url = "https://files.pythonhosted.org/packages/64/f2/66bd65ca0139675a0d7b18f0bada6e12b51a984e41a76dbe44761bf1b3ee/mslex-1.3.0-py3-none-any.whl", hash = "sha256:c7074b347201b3466fc077c5692fbce9b5f62a63a51f537a53fbbd02eff2eea4", size = 7820, upload-time = "2024-10-16T13:16:17.566Z" },
]

[[package]]
name = "psutil"
version = "6.1.1"
source = { registry = "https://pypi.org/simple" }
sdist = { url = "https://files.pythonhosted.org/packages/1f/5a/07871137bb752428aa4b659f910b399ba6f291156bdea939be3e96cae7cb/psutil-6.1.1.tar.gz", hash = "sha256:cf8496728c18f2d0b45198f06895be52f36611711746b7f30c464b422b50e2f5", size = 508502, upload-time = "2024-12-19T18:21:20.568Z" }
wheels = [
    { url = "https://files.pythonhosted.org/packages/61/99/ca79d302be46f7bdd8321089762dd4476ee725fce16fc2b2e1dbba8cac17/psutil-6.1.1-cp36-abi3-macosx_10_9_x86_64.whl", hash = "sha256:fc0ed7fe2231a444fc219b9c42d0376e0a9a1a72f16c5cfa0f68d19f1a0663e8", size = 247511, upload-time = "2024-12-19T18:21:45.163Z" },
    { url = "https://files.pythonhosted.org/packages/0b/6b/73dbde0dd38f3782905d4587049b9be64d76671042fdcaf60e2430c6796d/psutil-6.1.1-cp36-abi3-macosx_11_0_arm64.whl", hash = "sha256:0bdd4eab935276290ad3cb718e9809412895ca6b5b334f5a9111ee6d9aff9377", size = 248985, upload-time = "2024-12-19T18:21:49.254Z" },
    { url = "https://files.pythonhosted.org/packages/17/38/c319d31a1d3f88c5b79c68b3116c129e5133f1822157dd6da34043e32ed6/psutil-6.1.1-cp36-abi3-manylinux_2_12_i686.manylinux2010_i686.manylinux_2_17_i686.manylinux2014_i686.whl", hash = "sha256:b6e06c20c05fe95a3d7302d74e7097756d4ba1247975ad6905441ae1b5b66003", size = 284488, upload-time = "2024-12-19T18:21:51.638Z" },
    { url = "https://files.pythonhosted.org/packages/9c/39/0f88a830a1c8a3aba27fededc642da37613c57cbff143412e3536f89784f/psutil-6.1.1-cp36-abi3-manylinux_2_12_x86_64.manylinux2010_x86_64.manylinux_2_17_x86_64.manylinux2014_x86_64.whl", hash = "sha256:97f7cb9921fbec4904f522d972f0c0e1f4fabbdd4e0287813b21215074a0f160", size = 287477, upload-time = "2024-12-19T18:21:55.306Z" },
    { url = "https://files.pythonhosted.org/packages/47/da/99f4345d4ddf2845cb5b5bd0d93d554e84542d116934fde07a0c50bd4e9f/psutil-6.1.1-cp36-abi3-manylinux_2_17_aarch64.manylinux2014_aarch64.whl", hash = "sha256:33431e84fee02bc84ea36d9e2c4a6d395d479c9dd9bba2376c1f6ee8f3a4e0b3", size = 289017, upload-time = "2024-12-19T18:21:57.875Z" },
    { url = "https://files.pythonhosted.org/packages/38/53/bd755c2896f4461fd4f36fa6a6dcb66a88a9e4b9fd4e5b66a77cf9d4a584/psutil-6.1.1-cp37-abi3-win32.whl", hash = "sha256:eaa912e0b11848c4d9279a93d7e2783df352b082f40111e078388701fd479e53", size = 250602, upload-time = "2024-12-19T18:22:08.808Z" },
    { url = "https://files.pythonhosted.org/packages/7b/d7/7831438e6c3ebbfa6e01a927127a6cb42ad3ab844247f3c5b96bea25d73d/psutil-6.1.1-cp37-abi3-win_amd64.whl", hash = "sha256:f35cfccb065fff93529d2afb4a2e89e363fe63ca1e4a5da22b603a85833c2649", size = 254444, upload-time = "2024-12-19T18:22:11.335Z" },
]

[[package]]
name = "ruff"
version = "0.15.2"
source = { registry = "https://pypi.org/simple" }
sdist = { url = "https://files.pythonhosted.org/packages/06/04/eab13a954e763b0606f460443fcbf6bb5a0faf06890ea3754ff16523dce5/ruff-0.15.2.tar.gz", hash = "sha256:14b965afee0969e68bb871eba625343b8673375f457af4abe98553e8bbb98342", size = 4558148, upload-time = "2026-02-19T22:32:20.271Z" }
wheels = [
    { url = "https://files.pythonhosted.org/packages/2f/70/3a4dc6d09b13cb3e695f28307e5d889b2e1a66b7af9c5e257e796695b0e6/ruff-0.15.2-py3-none-linux_armv6l.whl", hash = "sha256:120691a6fdae2f16d65435648160f5b81a9625288f75544dc40637436b5d3c0d", size = 10430565, upload-time = "2026-02-19T22:32:41.824Z" },
    { url = "https://files.pythonhosted.org/packages/71/0b/bb8457b56185ece1305c666dc895832946d24055be90692381c31d57466d/ruff-0.15.2-py3-none-macosx_10_12_x86_64.whl", hash = "sha256:a89056d831256099658b6bba4037ac6dd06f49d194199215befe2bb10457ea5e", size = 10820354, upload-time = "2026-02-19T22:32:07.366Z" },
    { url = "https://files.pythonhosted.org/packages/2d/c1/e0532d7f9c9e0b14c46f61b14afd563298b8b83f337b6789ddd987e46121/ruff-0.15.2-py3-none-macosx_11_0_arm64.whl", hash = "sha256:e36dee3a64be0ebd23c86ffa3aa3fd3ac9a712ff295e192243f814a830b6bd87", size = 10170767, upload-time = "2026-02-19T22:32:13.188Z" },
    { url = "https://files.pythonhosted.org/packages/47/e8/da1aa341d3af017a21c7a62fb5ec31d4e7ad0a93ab80e3a508316efbcb23/ruff-0.15.2-py3-none-manylinux_2_17_aarch64.manylinux2014_aarch64.whl", hash = "sha256:a9fb47b6d9764677f8c0a193c0943ce9a05d6763523f132325af8a858eadc2b9", size = 10529591, upload-time = "2026-02-19T22:32:02.547Z" },
    { url = "https://files.pythonhosted.org/packages/93/74/184fbf38e9f3510231fbc5e437e808f0b48c42d1df9434b208821efcd8d6/ruff-0.15.2-py3-none-manylinux_2_17_armv7l.manylinux2014_armv7l.whl", hash = "sha256:f376990f9d0d6442ea9014b19621d8f2aaf2b8e39fdbfc79220b7f0c596c9b80", size = 10260771, upload-time = "2026-02-19T22:32:36.938Z" },
    { url = "https://files.pythonhosted.org/packages/05/ac/605c20b8e059a0bc4b42360414baa4892ff278cec1c91fff4be0dceedefd/ruff-0.15.2-py3-none-manylinux_2_17_i686.manylinux2014_i686.whl", hash = "sha256:2dcc987551952d73cbf5c88d9fdee815618d497e4df86cd4c4824cc59d5dd75f", size = 11045791, upload-time = "2026-02-19T22:32:31.642Z" },
    { url = "https://files.pythonhosted.org/packages/fd/52/db6e419908f45a894924d410ac77d64bdd98ff86901d833364251bd08e22/ruff-0.15.2-py3-none-manylinux_2_17_ppc64le.manylinux2014_ppc64le.whl", hash = "sha256:42a47fd785cbe8c01b9ff45031af875d101b040ad8f4de7bbb716487c74c9a77", size = 11879271, upload-time = "2026-02-19T22:32:29.305Z" },
    { url = "https://files.pythonhosted.org/packages/3e/d8/7992b18f2008bdc9231d0f10b16df7dda964dbf639e2b8b4c1b4e91b83af/ruff-0.15.2-py3-none-manylinux_2_17_s390x.manylinux2014_s390x.whl", hash = "sha256:cbe9f49354866e575b4c6943856989f966421870e85cd2ac94dccb0a9dcb2fea", size = 11303707, upload-time = "2026-02-19T22:32:22.492Z" },
    { url = "https://files.pythonhosted.org/packages/d7/02/849b46184bcfdd4b64cde61752cc9a146c54759ed036edd11857e9b8443b/ruff-0.15.2-py3-none-manylinux_2_17_x86_64.manylinux2014_x86_64.whl", hash = "sha256:b7a672c82b5f9887576087d97be5ce439f04bbaf548ee987b92d3a7dede41d3a", size = 11149151, upload-time = "2026-02-19T22:32:44.234Z" },
    { url = "https://files.pythonhosted.org/packages/70/04/f5284e388bab60d1d3b99614a5a9aeb03e0f333847e2429bebd2aaa1feec/ruff-0.15.2-py3-none-manylinux_2_31_riscv64.whl", hash = "sha256:72ecc64f46f7019e2bcc3cdc05d4a7da958b629a5ab7033195e11a438403d956", size = 11091132, upload-time = "2026-02-19T22:32:24.691Z" },
    { url = "https://files.pythonhosted.org/packages/fa/ae/88d844a21110e14d92cf73d57363fab59b727ebeabe78009b9ccb23500af/ruff-0.15.2-py3-none-musllinux_1_2_aarch64.whl", hash = "sha256:8dcf243b15b561c655c1ef2f2b0050e5d50db37fe90115507f6ff37d865dc8b4", size = 10504717, upload-time = "2026-02-19T22:32:26.75Z" },
    { url = "https://files.pythonhosted.org/packages/64/27/867076a6ada7f2b9c8292884ab44d08fd2ba71bd2b5364d4136f3cd537e1/ruff-0.15.2-py3-none-musllinux_1_2_armv7l.whl", hash = "sha256:dab6941c862c05739774677c6273166d2510d254dac0695c0e3f5efa1b5585de", size = 10263122, upload-time = "2026-02-19T22:32:10.036Z" },
    { url = "https://files.pythonhosted.org/packages/e7/ef/faf9321d550f8ebf0c6373696e70d1758e20ccdc3951ad7af00c0956be7c/ruff-0.15.2-py3-none-musllinux_1_2_i686.whl", hash = "sha256:1b9164f57fc36058e9a6806eb92af185b0697c9fe4c7c52caa431c6554521e5c", size = 10735295, upload-time = "2026-02-19T22:32:39.227Z" },
    { url = "https://files.pythonhosted.org/packages/2f/55/e8089fec62e050ba84d71b70e7834b97709ca9b7aba10c1a0b196e493f97/ruff-0.15.2-py3-none-musllinux_1_2_x86_64.whl", hash = "sha256:80d24fcae24d42659db7e335b9e1531697a7102c19185b8dc4a028b952865fd8", size = 11241641, upload-time = "2026-02-19T22:32:34.617Z" },
    { url = "https://files.pythonhosted.org/packages/23/01/1c30526460f4d23222d0fabd5888868262fd0e2b71a00570ca26483cd993/ruff-0.15.2-py3-none-win32.whl", hash = "sha256:fd5ff9e5f519a7e1bd99cbe8daa324010a74f5e2ebc97c6242c08f26f3714f6f", size = 10507885, upload-time = "2026-02-19T22:32:15.635Z" },
    { url = "https://files.pythonhosted.org/packages/5c/10/3d18e3bbdf8fc50bbb4ac3cc45970aa5a9753c5cb51bf9ed9a3cd8b79fa3/ruff-0.15.2-py3-none-win_amd64.whl", hash = "sha256:d20014e3dfa400f3ff84830dfb5755ece2de45ab62ecea4af6b7262d0fb4f7c5", size = 11623725, upload-time = "2026-02-19T22:32:04.947Z" },
    { url = "https://files.pythonhosted.org/packages/6d/78/097c0798b1dab9f8affe73da9642bb4500e098cb27fd8dc9724816ac747b/ruff-0.15.2-py3-none-win_arm64.whl", hash = "sha256:cabddc5822acdc8f7b5527b36ceac55cc51eec7b1946e60181de8fe83ca8876e", size = 10941649, upload-time = "2026-02-19T22:32:18.108Z" },
]

[[package]]
name = "taskipy"
version = "1.14.1"
source = { registry = "https://pypi.org/simple" }
dependencies = [
    { name = "colorama" },
    { name = "mslex", marker = "sys_platform == 'win32'" },
    { name = "psutil" },
    { name = "tomli", marker = "python_full_version < '4'" },
]
sdist = { url = "https://files.pythonhosted.org/packages/c7/44/572261df3db9c6c3332f8618fafeb07a578fd18b06673c73f000f3586749/taskipy-1.14.1.tar.gz", hash = "sha256:410fbcf89692dfd4b9f39c2b49e1750b0a7b81affd0e2d7ea8c35f9d6a4774ed", size = 14475, upload-time = "2024-11-26T16:37:46.155Z" }
wheels = [
    { url = "https://files.pythonhosted.org/packages/55/97/4e4cfb1391c81e926bebe3d68d5231b5dbc3bb41c6ba48349e68a881462d/taskipy-1.14.1-py3-none-any.whl", hash = "sha256:6e361520f29a0fd2159848e953599f9c75b1d0b047461e4965069caeb94908f1", size = 13052, upload-time = "2024-11-26T16:37:44.546Z" },
]

[[package]]
name = "tomli"
version = "2.4.0"
source = { registry = "https://pypi.org/simple" }
sdist = { url = "https://files.pythonhosted.org/packages/82/30/31573e9457673ab10aa432461bee537ce6cef177667deca369efb79df071/tomli-2.4.0.tar.gz", hash = "sha256:aa89c3f6c277dd275d8e243ad24f3b5e701491a860d5121f2cdd399fbb31fc9c", size = 17477, upload-time = "2026-01-11T11:22:38.165Z" }
wheels = [
    { url = "https://files.pythonhosted.org/packages/3c/d9/3dc2289e1f3b32eb19b9785b6a006b28ee99acb37d1d47f78d4c10e28bf8/tomli-2.4.0-cp311-cp311-macosx_10_9_x86_64.whl", hash = "sha256:b5ef256a3fd497d4973c11bf142e9ed78b150d36f5773f1ca6088c230ffc5867", size = 153663, upload-time = "2026-01-11T11:21:45.27Z" },
    { url = "https://files.pythonhosted.org/packages/51/32/ef9f6845e6b9ca392cd3f64f9ec185cc6f09f0a2df3db08cbe8809d1d435/tomli-2.4.0-cp311-cp311-macosx_11_0_arm64.whl", hash = "sha256:5572e41282d5268eb09a697c89a7bee84fae66511f87533a6f88bd2f7b652da9", size = 148469, upload-time = "2026-01-11T11:21:46.873Z" },
    { url = "https://files.pythonhosted.org/packages/d6/c2/506e44cce89a8b1b1e047d64bd495c22c9f71f21e05f380f1a950dd9c217/tomli-2.4.0-cp311-cp311-manylinux2014_aarch64.manylinux_2_17_aarch64.manylinux_2_28_aarch64.whl", hash = "sha256:551e321c6ba03b55676970b47cb1b73f14a0a4dce6a3e1a9458fd6d921d72e95", size = 236039, upload-time = "2026-01-11T11:21:48.503Z" },
    { url = "https://files.pythonhosted.org/packages/b3/40/e1b65986dbc861b7e986e8ec394598187fa8aee85b1650b01dd925ca0be8/tomli-2.4.0-cp311-cp311-manylinux2014_x86_64.manylinux_2_17_x86_64.manylinux_2_28_x86_64.whl", hash = "sha256:5e3f639a7a8f10069d0e15408c0b96a2a828cfdec6fca05296ebcdcc28ca7c76", size = 243007, upload-time = "2026-01-11T11:21:49.456Z" },
    { url = "https://files.pythonhosted.org/packages/9c/6f/6e39ce66b58a5b7ae572a0f4352ff40c71e8573633deda43f6a379d56b3e/tomli-2.4.0-cp311-cp311-musllinux_1_2_aarch64.whl", hash = "sha256:1b168f2731796b045128c45982d3a4874057626da0e2ef1fdd722848b741361d", size = 240875, upload-time = "2026-01-11T11:21:50.755Z" },
    { url = "https://files.pythonhosted.org/packages/aa/ad/cb089cb190487caa80204d503c7fd0f4d443f90b95cf4ef5cf5aa0f439b0/tomli-2.4.0-cp311-cp311-musllinux_1_2_x86_64.whl", hash = "sha256:133e93646ec4300d651839d382d63edff11d8978be23da4cc106f5a18b7d0576", size = 246271, upload-time = "2026-01-11T11:21:51.81Z" },
    { url = "https://files.pythonhosted.org/packages/0b/63/69125220e47fd7a3a27fd0de0c6398c89432fec41bc739823bcc66506af6/tomli-2.4.0-cp311-cp311-win32.whl", hash = "sha256:b6c78bdf37764092d369722d9946cb65b8767bfa4110f902a1b2542d8d173c8a", size = 96770, upload-time = "2026-01-11T11:21:52.647Z" },
    { url = "https://files.pythonhosted.org/packages/1e/0d/a22bb6c83f83386b0008425a6cd1fa1c14b5f3dd4bad05e98cf3dbbf4a64/tomli-2.4.0-cp311-cp311-win_amd64.whl", hash = "sha256:d3d1654e11d724760cdb37a3d7691f0be9db5fbdaef59c9f532aabf87006dbaa", size = 107626, upload-time = "2026-01-11T11:21:53.459Z" },
    { url = "https://files.pythonhosted.org/packages/2f/6d/77be674a3485e75cacbf2ddba2b146911477bd887dda9d8c9dfb2f15e871/tomli-2.4.0-cp311-cp311-win_arm64.whl", hash = "sha256:cae9c19ed12d4e8f3ebf46d1a75090e4c0dc16271c5bce1c833ac168f08fb614", size = 94842, upload-time = "2026-01-11T11:21:54.831Z" },
    { url = "https://files.pythonhosted.org/packages/3c/43/7389a1869f2f26dba52404e1ef13b4784b6b37dac93bac53457e3ff24ca3/tomli-2.4.0-cp312-cp312-macosx_10_13_x86_64.whl", hash = "sha256:920b1de295e72887bafa3ad9f7a792f811847d57ea6b1215154030cf131f16b1", size = 154894, upload-time = "2026-01-11T11:21:56.07Z" },
    { url = "https://files.pythonhosted.org/packages/e9/05/2f9bf110b5294132b2edf13fe6ca6ae456204f3d749f623307cbb7a946f2/tomli-2.4.0-cp312-cp312-macosx_11_0_arm64.whl", hash = "sha256:7d6d9a4aee98fac3eab4952ad1d73aee87359452d1c086b5ceb43ed02ddb16b8", size = 149053, upload-time = "2026-01-11T11:21:57.467Z" },
    { url = "https://files.pythonhosted.org/packages/e8/41/1eda3ca1abc6f6154a8db4d714a4d35c4ad90adc0bcf700657291593fbf3/tomli-2.4.0-cp312-cp312-manylinux2014_aarch64.manylinux_2_17_aarch64.manylinux_2_28_aarch64.whl", hash = "sha256:36b9d05b51e65b254ea6c2585b59d2c4cb91c8a3d91d0ed0f17591a29aaea54a", size = 243481, upload-time = "2026-01-11T11:21:58.661Z" },
    { url = "https://files.pythonhosted.org/packages/d2/6d/02ff5ab6c8868b41e7d4b987ce2b5f6a51d3335a70aa144edd999e055a01/tomli-2.4.0-cp312-cp312-manylinux2014_x86_64.manylinux_2_17_x86_64.manylinux_2_28_x86_64.whl", hash = "sha256:1c8a885b370751837c029ef9bc014f27d80840e48bac415f3412e6593bbc18c1", size = 251720, upload-time = "2026-01-11T11:22:00.178Z" },
    { url = "https://files.pythonhosted.org/packages/7b/57/0405c59a909c45d5b6f146107c6d997825aa87568b042042f7a9c0afed34/tomli-2.4.0-cp312-cp312-musllinux_1_2_aarch64.whl", hash = "sha256:8768715ffc41f0008abe25d808c20c3d990f42b6e2e58305d5da280ae7d1fa3b", size = 247014, upload-time = "2026-01-11T11:22:01.238Z" },
    { url = "https://files.pythonhosted.org/packages/2c/0e/2e37568edd944b4165735687cbaf2fe3648129e440c26d02223672ee0630/tomli-2.4.0-cp312-cp312-musllinux_1_2_x86_64.whl", hash = "sha256:7b438885858efd5be02a9a133caf5812b8776ee0c969fea02c45e8e3f296ba51", size = 251820, upload-time = "2026-01-11T11:22:02.727Z" },
    { url = "https://files.pythonhosted.org/packages/5a/1c/ee3b707fdac82aeeb92d1a113f803cf6d0f37bdca0849cb489553e1f417a/tomli-2.4.0-cp312-cp312-win32.whl", hash = "sha256:0408e3de5ec77cc7f81960c362543cbbd91ef883e3138e81b729fc3eea5b9729", size = 97712, upload-time = "2026-01-11T11:22:03.777Z" },
    { url = "https://files.pythonhosted.org/packages/69/13/c07a9177d0b3bab7913299b9278845fc6eaaca14a02667c6be0b0a2270c8/tomli-2.4.0-cp312-cp312-win_amd64.whl", hash = "sha256:685306e2cc7da35be4ee914fd34ab801a6acacb061b6a7abca922aaf9ad368da", size = 108296, upload-time = "2026-01-11T11:22:04.86Z" },
    { url = "https://files.pythonhosted.org/packages/18/27/e267a60bbeeee343bcc279bb9e8fbed0cbe224bc7b2a3dc2975f22809a09/tomli-2.4.0-cp312-cp312-win_arm64.whl", hash = "sha256:5aa48d7c2356055feef06a43611fc401a07337d5b006be13a30f6c58f869e3c3", size = 94553, upload-time = "2026-01-11T11:22:05.854Z" },
    { url = "https://files.pythonhosted.org/packages/34/91/7f65f9809f2936e1f4ce6268ae1903074563603b2a2bd969ebbda802744f/tomli-2.4.0-cp313-cp313-macosx_10_13_x86_64.whl", hash = "sha256:84d081fbc252d1b6a982e1870660e7330fb8f90f676f6e78b052ad4e64714bf0", size = 154915, upload-time = "2026-01-11T11:22:06.703Z" },
    { url = "https://files.pythonhosted.org/packages/20/aa/64dd73a5a849c2e8f216b755599c511badde80e91e9bc2271baa7b2cdbb1/tomli-2.4.0-cp313-cp313-macosx_11_0_arm64.whl", hash = "sha256:9a08144fa4cba33db5255f9b74f0b89888622109bd2776148f2597447f92a94e", size = 149038, upload-time = "2026-01-11T11:22:07.56Z" },
    { url = "https://files.pythonhosted.org/packages/9e/8a/6d38870bd3d52c8d1505ce054469a73f73a0fe62c0eaf5dddf61447e32fa/tomli-2.4.0-cp313-cp313-manylinux2014_aarch64.manylinux_2_17_aarch64.manylinux_2_28_aarch64.whl", hash = "sha256:c73add4bb52a206fd0c0723432db123c0c75c280cbd67174dd9d2db228ebb1b4", size = 242245, upload-time = "2026-01-11T11:22:08.344Z" },
    { url = "https://files.pythonhosted.org/packages/59/bb/8002fadefb64ab2669e5b977df3f5e444febea60e717e755b38bb7c41029/tomli-2.4.0-cp313-cp313-manylinux2014_x86_64.manylinux_2_17_x86_64.manylinux_2_28_x86_64.whl", hash = "sha256:1fb2945cbe303b1419e2706e711b7113da57b7db31ee378d08712d678a34e51e", size = 250335, upload-time = "2026-01-11T11:22:09.951Z" },
    { url = "https://files.pythonhosted.org/packages/a5/3d/4cdb6f791682b2ea916af2de96121b3cb1284d7c203d97d92d6003e91c8d/tomli-2.4.0-cp313-cp313-musllinux_1_2_aarch64.whl", hash = "sha256:bbb1b10aa643d973366dc2cb1ad94f99c1726a02343d43cbc011edbfac579e7c", size = 245962, upload-time = "2026-01-11T11:22:11.27Z" },
    { url = "https://files.pythonhosted.org/packages/f2/4a/5f25789f9a460bd858ba9756ff52d0830d825b458e13f754952dd15fb7bb/tomli-2.4.0-cp313-cp313-musllinux_1_2_x86_64.whl", hash = "sha256:4cbcb367d44a1f0c2be408758b43e1ffb5308abe0ea222897d6bfc8e8281ef2f", size = 250396, upload-time = "2026-01-11T11:22:12.325Z" },
    { url = "https://files.pythonhosted.org/packages/aa/2f/b73a36fea58dfa08e8b3a268750e6853a6aac2a349241a905ebd86f3047a/tomli-2.4.0-cp313-cp313-win32.whl", hash = "sha256:7d49c66a7d5e56ac959cb6fc583aff0651094ec071ba9ad43df785abc2320d86", size = 97530, upload-time = "2026-01-11T11:22:13.865Z" },
    { url = "https://files.pythonhosted.org/packages/3b/af/ca18c134b5d75de7e8dc551c5234eaba2e8e951f6b30139599b53de9c187/tomli-2.4.0-cp313-cp313-win_amd64.whl", hash = "sha256:3cf226acb51d8f1c394c1b310e0e0e61fecdd7adcb78d01e294ac297dd2e7f87", size = 108227, upload-time = "2026-01-11T11:22:15.224Z" },
    { url = "https://files.pythonhosted.org/packages/22/c3/b386b832f209fee8073c8138ec50f27b4460db2fdae9ffe022df89a57f9b/tomli-2.4.0-cp313-cp313-win_arm64.whl", hash = "sha256:d20b797a5c1ad80c516e41bc1fb0443ddb5006e9aaa7bda2d71978346aeb9132", size = 94748, upload-time = "2026-01-11T11:22:16.009Z" },
    { url = "https://files.pythonhosted.org/packages/f3/c4/84047a97eb1004418bc10bdbcfebda209fca6338002eba2dc27cc6d13563/tomli-2.4.0-cp314-cp314-macosx_10_15_x86_64.whl", hash = "sha256:26ab906a1eb794cd4e103691daa23d95c6919cc2fa9160000ac02370cc9dd3f6", size = 154725, upload-time = "2026-01-11T11:22:17.269Z" },
    { url = "https://files.pythonhosted.org/packages/a8/5d/d39038e646060b9d76274078cddf146ced86dc2b9e8bbf737ad5983609a0/tomli-2.4.0-cp314-cp314-macosx_11_0_arm64.whl", hash = "sha256:20cedb4ee43278bc4f2fee6cb50daec836959aadaf948db5172e776dd3d993fc", size = 148901, upload-time = "2026-01-11T11:22:18.287Z" },
    { url = "https://files.pythonhosted.org/packages/73/e5/383be1724cb30f4ce44983d249645684a48c435e1cd4f8b5cded8a816d3c/tomli-2.4.0-cp314-cp314-manylinux2014_aarch64.manylinux_2_17_aarch64.manylinux_2_28_aarch64.whl", hash = "sha256:39b0b5d1b6dd03684b3fb276407ebed7090bbec989fa55838c98560c01113b66", size = 243375, upload-time = "2026-01-11T11:22:19.154Z" },
    { url = "https://files.pythonhosted.org/packages/31/f0/bea80c17971c8d16d3cc109dc3585b0f2ce1036b5f4a8a183789023574f2/tomli-2.4.0-cp314-cp314-manylinux2014_x86_64.manylinux_2_17_x86_64.manylinux_2_28_x86_64.whl", hash = "sha256:a26d7ff68dfdb9f87a016ecfd1e1c2bacbe3108f4e0f8bcd2228ef9a766c787d", size = 250639, upload-time = "2026-01-11T11:22:20.168Z" },
    { url = "https://files.pythonhosted.org/packages/2c/8f/2853c36abbb7608e3f945d8a74e32ed3a74ee3a1f468f1ffc7d1cb3abba6/tomli-2.4.0-cp314-cp314-musllinux_1_2_aarch64.whl", hash = "sha256:20ffd184fb1df76a66e34bd1b36b4a4641bd2b82954befa32fe8163e79f1a702", size = 246897, upload-time = "2026-01-11T11:22:21.544Z" },
    { url = "https://files.pythonhosted.org/packages/49/f0/6c05e3196ed5337b9fe7ea003e95fd3819a840b7a0f2bf5a408ef1dad8ed/tomli-2.4.0-cp314-cp314-musllinux_1_2_x86_64.whl", hash = "sha256:75c2f8bbddf170e8effc98f5e9084a8751f8174ea6ccf4fca5398436e0320bc8", size = 254697, upload-time = "2026-01-11T11:22:23.058Z" },
    { url = "https://files.pythonhosted.org/packages/f3/f5/2922ef29c9f2951883525def7429967fc4d8208494e5ab524234f06b688b/tomli-2.4.0-cp314-cp314-win32.whl", hash = "sha256:31d556d079d72db7c584c0627ff3a24c5d3fb4f730221d3444f3efb1b2514776", size = 98567, upload-time = "2026-01-11T11:22:24.033Z" },
    { url = "https://files.pythonhosted.org/packages/7b/31/22b52e2e06dd2a5fdbc3ee73226d763b184ff21fc24e20316a44ccc4d96b/tomli-2.4.0-cp314-cp314-win_amd64.whl", hash = "sha256:43e685b9b2341681907759cf3a04e14d7104b3580f808cfde1dfdb60ada85475", size = 108556, upload-time = "2026-01-11T11:22:25.378Z" },
    { url = "https://files.pythonhosted.org/packages/48/3d/5058dff3255a3d01b705413f64f4306a141a8fd7a251e5a495e3f192a998/tomli-2.4.0-cp314-cp314-win_arm64.whl", hash = "sha256:3d895d56bd3f82ddd6faaff993c275efc2ff38e52322ea264122d72729dca2b2", size = 96014, upload-time = "2026-01-11T11:22:26.138Z" },
    { url = "https://files.pythonhosted.org/packages/b8/4e/75dab8586e268424202d3a1997ef6014919c941b50642a1682df43204c22/tomli-2.4.0-cp314-cp314t-macosx_10_15_x86_64.whl", hash = "sha256:5b5807f3999fb66776dbce568cc9a828544244a8eb84b84b9bafc080c99597b9", size = 163339, upload-time = "2026-01-11T11:22:27.143Z" },
    { url = "https://files.pythonhosted.org/packages/06/e3/b904d9ab1016829a776d97f163f183a48be6a4deb87304d1e0116a349519/tomli-2.4.0-cp314-cp314t-macosx_11_0_arm64.whl", hash = "sha256:c084ad935abe686bd9c898e62a02a19abfc9760b5a79bc29644463eaf2840cb0", size = 159490, upload-time = "2026-01-11T11:22:28.399Z" },
    { url = "https://files.pythonhosted.org/packages/e3/5a/fc3622c8b1ad823e8ea98a35e3c632ee316d48f66f80f9708ceb4f2a0322/tomli-2.4.0-cp314-cp314t-manylinux2014_aarch64.manylinux_2_17_aarch64.manylinux_2_28_aarch64.whl", hash = "sha256:0f2e3955efea4d1cfbcb87bc321e00dc08d2bcb737fd1d5e398af111d86db5df", size = 269398, upload-time = "2026-01-11T11:22:29.345Z" },
    { url = "https://files.pythonhosted.org/packages/fd/33/62bd6152c8bdd4c305ad9faca48f51d3acb2df1f8791b1477d46ff86e7f8/tomli-2.4.0-cp314-cp314t-manylinux2014_x86_64.manylinux_2_17_x86_64.manylinux_2_28_x86_64.whl", hash = "sha256:0e0fe8a0b8312acf3a88077a0802565cb09ee34107813bba1c7cd591fa6cfc8d", size = 276515, upload-time = "2026-01-11T11:22:30.327Z" },
    { url = "https://files.pythonhosted.org/packages/4b/ff/ae53619499f5235ee4211e62a8d7982ba9e439a0fb4f2f351a93d67c1dd2/tomli-2.4.0-cp314-cp314t-musllinux_1_2_aarch64.whl", hash = "sha256:413540dce94673591859c4c6f794dfeaa845e98bf35d72ed59636f869ef9f86f", size = 273806, upload-time = "2026-01-11T11:22:32.56Z" },
    { url = "https://files.pythonhosted.org/packages/47/71/cbca7787fa68d4d0a9f7072821980b39fbb1b6faeb5f5cf02f4a5559fa28/tomli-2.4.0-cp314-cp314t-musllinux_1_2_x86_64.whl", hash = "sha256:0dc56fef0e2c1c470aeac5b6ca8cc7b640bb93e92d9803ddaf9ea03e198f5b0b", size = 281340, upload-time = "2026-01-11T11:22:33.505Z" },
    { url = "https://files.pythonhosted.org/packages/f5/00/d595c120963ad42474cf6ee7771ad0d0e8a49d0f01e29576ee9195d9ecdf/tomli-2.4.0-cp314-cp314t-win32.whl", hash = "sha256:d878f2a6707cc9d53a1be1414bbb419e629c3d6e67f69230217bb663e76b5087", size = 108106, upload-time = "2026-01-11T11:22:34.451Z" },
    { url = "https://files.pythonhosted.org/packages/de/69/9aa0c6a505c2f80e519b43764f8b4ba93b5a0bbd2d9a9de6e2b24271b9a5/tomli-2.4.0-cp314-cp314t-win_amd64.whl", hash = "sha256:2add28aacc7425117ff6364fe9e06a183bb0251b03f986df0e78e974047571fd", size = 120504, upload-time = "2026-01-11T11:22:35.764Z" },
    { url = "https://files.pythonhosted.org/packages/b3/9f/f1668c281c58cfae01482f7114a4b88d345e4c140386241a1a24dcc9e7bc/tomli-2.4.0-cp314-cp314t-win_arm64.whl", hash = "sha256:2b1e3b80e1d5e52e40e9b924ec43d81570f0e7d09d11081b797bc4692765a3d4", size = 99561, upload-time = "2026-01-11T11:22:36.624Z" },
    { url = "https://files.pythonhosted.org/packages/23/d1/136eb2cb77520a31e1f64cbae9d33ec6df0d78bdf4160398e86eec8a8754/tomli-2.4.0-py3-none-any.whl", hash = "sha256:1f776e7d669ebceb01dee46484485f43a4048746235e683bcdffacdf1fb4785a", size = 14477, upload-time = "2026-01-11T11:22:37.446Z" },
]

[[package]]
name = "ty"
version = "0.0.19"
source = { registry = "https://pypi.org/simple" }
sdist = { url = "https://files.pythonhosted.org/packages/84/5e/da108b9eeb392e02ff0478a34e9651490b36af295881cb56575b83f0cc3a/ty-0.0.19.tar.gz", hash = "sha256:ee3d9ed4cb586e77f6efe3d0fe5a855673ca438a3d533a27598e1d3502a2948a", size = 5220026, upload-time = "2026-02-26T12:13:15.215Z" }
wheels = [
    { url = "https://files.pythonhosted.org/packages/5a/31/fd8c6067abb275bea11523d21ecf64e1d870b1ce80cac529cf6636df1471/ty-0.0.19-py3-none-linux_armv6l.whl", hash = "sha256:29bed05d34c8a7597567b8e327c53c1aed4a07dcfbe6c81e6d60c7444936ad77", size = 10268470, upload-time = "2026-02-26T12:13:42.881Z" },
    { url = "https://files.pythonhosted.org/packages/15/de/16a11bbf7d98c75849fc41f5d008b89bb5d080a4b10dc8ea851ee2bd371b/ty-0.0.19-py3-none-macosx_10_12_x86_64.whl", hash = "sha256:79140870c688c97ec68e723c28935ddef9d91a76d48c68e665fe7c851e628b8a", size = 10098562, upload-time = "2026-02-26T12:13:31.618Z" },
    { url = "https://files.pythonhosted.org/packages/e7/4f/086d6ff6686eadf903913c45b53ab96694b62bbfee1d8cf3e55a9b5aa4b2/ty-0.0.19-py3-none-macosx_11_0_arm64.whl", hash = "sha256:6e9c1f9cfa6a26f7881d14d75cf963af743f6c4189e6aa3e3b4056a65f22e730", size = 9604073, upload-time = "2026-02-26T12:13:24.645Z" },
    { url = "https://files.pythonhosted.org/packages/95/13/888a6b6c7ed4a880fee91bec997f775153ce86215ee4c56b868516314734/ty-0.0.19-py3-none-manylinux_2_17_aarch64.manylinux2014_aarch64.whl", hash = "sha256:bbca43b050edf1db2e64ae7b79add233c2aea2855b8a876081bbd032edcd0610", size = 10106295, upload-time = "2026-02-26T12:13:40.584Z" },
    { url = "https://files.pythonhosted.org/packages/cb/e8/05a372cae8da482de73b8246fb43236bf11e24ac28c879804568108759db/ty-0.0.19-py3-none-manylinux_2_17_armv7l.manylinux2014_armv7l.whl", hash = "sha256:8acaa88ab1955ca6b15a0ccc274011c4961377fe65c3948e5d2b212f2517b87c", size = 10098234, upload-time = "2026-02-26T12:13:33.725Z" },
    { url = "https://files.pythonhosted.org/packages/c5/f1/5b0958e9e9576e7662192fe689bbb3dc88e631a4e073db3047793a547d58/ty-0.0.19-py3-none-manylinux_2_17_i686.manylinux2014_i686.whl", hash = "sha256:4a901b6a6dd9d17d5b3b2e7bafc3057294e88da3f5de507347316687d7f191a1", size = 10607218, upload-time = "2026-02-26T12:13:17.576Z" },
    { url = "https://files.pythonhosted.org/packages/fb/ab/358c78b77844f58ff5aca368550ab16c719f1ab0ec892ceb1114d7500f4e/ty-0.0.19-py3-none-manylinux_2_17_ppc64le.manylinux2014_ppc64le.whl", hash = "sha256:8deafdaaaee65fd121c66064da74a922d8501be4a2d50049c71eab521a23eff7", size = 11160593, upload-time = "2026-02-26T12:13:36.008Z" },
    { url = "https://files.pythonhosted.org/packages/95/59/827fc346d66a59fe48e9689a5ceb67dbbd5b4de2e8d4625371af39a2e8b7/ty-0.0.19-py3-none-manylinux_2_17_s390x.manylinux2014_s390x.whl", hash = "sha256:035e56071af280897441018f74f921b97d53aec0856f8af85f4f949df8eda07d", size = 10822392, upload-time = "2026-02-26T12:13:29.415Z" },
    { url = "https://files.pythonhosted.org/packages/81/f9/3bbfbbe35478de9bcd63848f4bc9bffda72278dd9732dbad3efc3978432e/ty-0.0.19-py3-none-manylinux_2_17_x86_64.manylinux2014_x86_64.whl", hash = "sha256:abdf5885130393ce74501dba792f48ce0a515756ec81c33a4b324bdf3509df6e", size = 10707139, upload-time = "2026-02-26T12:13:20.148Z" },
    { url = "https://files.pythonhosted.org/packages/12/9e/597023b183ec4ade83a36a0cea5c103f3bffa34f70813d46386c61447fb8/ty-0.0.19-py3-none-musllinux_1_2_aarch64.whl", hash = "sha256:877e89005c8f9d1dbff5ad14cbac9f35c528406fde38926f9b44f24830de8d6a", size = 10096933, upload-time = "2026-02-26T12:13:45.266Z" },
    { url = "https://files.pythonhosted.org/packages/1e/76/d0d2f6e674db2a17c8efa5e26682b9dfa8d34774705f35902a7b45ebd3bd/ty-0.0.19-py3-none-musllinux_1_2_armv7l.whl", hash = "sha256:39bd1da051c1e4d316efaf79dbed313255633f7c6ad6e24d29f4d9c6ffaf4de6", size = 10109547, upload-time = "2026-02-26T12:13:22.17Z" },
    { url = "https://files.pythonhosted.org/packages/a4/b0/76026c06b852a3aa4fdb5bd329fdc2175aaf3c64a3fafece9cc4df167cee/ty-0.0.19-py3-none-musllinux_1_2_i686.whl", hash = "sha256:87df8415a6c9cb27b8f1382fcdc6052e59f5b9f50f78bc14663197eb5c8d3699", size = 10289110, upload-time = "2026-02-26T12:13:38.29Z" },
    { url = "https://files.pythonhosted.org/packages/14/6c/f3b3a189816b4f079b20fe5d0d7ee38e38a472f53cc6770bb6571147e3de/ty-0.0.19-py3-none-musllinux_1_2_x86_64.whl", hash = "sha256:89b6bb23c332ed5c38dd859eb5793f887abcc936f681a40d4ea68e35eac1af33", size = 10796479, upload-time = "2026-02-26T12:13:10.992Z" },
    { url = "https://files.pythonhosted.org/packages/3d/18/caee33d1ce9dd50bd94c26cde7cda4f6971e22e474e7d72a5c86d745ad58/ty-0.0.19-py3-none-win32.whl", hash = "sha256:19b33df3aa7af7b1a9eaa4e1175c3b4dec0f5f2e140243e3492c8355c37418f3", size = 9677215, upload-time = "2026-02-26T12:13:08.519Z" },
    { url = "https://files.pythonhosted.org/packages/81/41/18fc0771d0b1da7d7cc2fc9af278d3122b754fe8b521a748734f4e16ecfd/ty-0.0.19-py3-none-win_amd64.whl", hash = "sha256:b9052c61464cdd76bc8e6796f2588c08700f25d0dcbc225bb165e390ea9d96a4", size = 10651252, upload-time = "2026-02-26T12:13:13.035Z" },
    { url = "https://files.pythonhosted.org/packages/8b/8c/26f7ce8863eb54510082747b3dfb1046ba24f16fc11de18c0e5feb36ff18/ty-0.0.19-py3-none-win_arm64.whl", hash = "sha256:9329804b66dcbae8e7af916ef4963221ed53b8ec7d09b0793591c5ae8a0f3270", size = 10093195, upload-time = "2026-02-26T12:13:26.816Z" },
]

[[package]]
name = "typos"
version = "1.43.5"
source = { registry = "https://pypi.org/simple" }
sdist = { url = "https://files.pythonhosted.org/packages/aa/10/f3e13aece5b053745242aecbcdfa05110d65d5fb8d3ea25b05540ea97540/typos-1.43.5.tar.gz", hash = "sha256:aa445c5eaf0e32095c3183dda96e0fa8ffcabbfd796721c75d7a8a68e9cd0d75", size = 1806801, upload-time = "2026-02-16T15:34:17.41Z" }
wheels = [
    { url = "https://files.pythonhosted.org/packages/f0/3d/698e7b760f68558048407718d4abb0bcc9baf9cfb7d1b9d68bcf60417031/typos-1.43.5-py3-none-macosx_10_12_x86_64.whl", hash = "sha256:733221c09d6914c001d2ac16f630773dc36ff384df9ab128c9e93b019eeedf2f", size = 3474242, upload-time = "2026-02-16T15:34:03.26Z" },
    { url = "https://files.pythonhosted.org/packages/92/08/3b09c26a9e476399f9b2c4ab42df4d079b900d3818d5f47a7e9c04d81192/typos-1.43.5-py3-none-macosx_11_0_arm64.whl", hash = "sha256:b1d2f86b458917fdc91b89f47101498adc7338361e1ed0bed6e4325d0e674aca", size = 3370863, upload-time = "2026-02-16T15:34:04.839Z" },
    { url = "https://files.pythonhosted.org/packages/67/c6/64e75469439f78c75ed23a1c3712ce68e10293402da912c453f5b432ee9f/typos-1.43.5-py3-none-manylinux_2_17_aarch64.manylinux2014_aarch64.whl", hash = "sha256:4d75091c9519224f2f74964b6ca5133abfba9be44ce49f12a981e27c29bcef97", size = 8176174, upload-time = "2026-02-16T15:34:06.627Z" },
    { url = "https://files.pythonhosted.org/packages/b5/0f/60a3cc327cd5d5ab49f615c451ac24e59dedea2e33d69b3d54a6e9749c76/typos-1.43.5-py3-none-manylinux_2_17_i686.manylinux2014_i686.whl", hash = "sha256:839dfa2bc802b02460097b21f7d93d0fa87d5f76adb83049072211a7279f5ebe", size = 7326066, upload-time = "2026-02-16T15:34:08.002Z" },
    { url = "https://files.pythonhosted.org/packages/75/6e/54ee65eb9a00f398d0767a10f73ea430ec072ff3a1fea40a3f3573ce7a61/typos-1.43.5-py3-none-manylinux_2_17_x86_64.manylinux2014_x86_64.whl", hash = "sha256:a0825a4d77d66726e86fac03c6cf2efc11b0a5c112b2156dcaeb61a24a807166", size = 7701673, upload-time = "2026-02-16T15:34:09.324Z" },
    { url = "https://files.pythonhosted.org/packages/d4/9b/b5a6dc3fadece24dbf6e9a528ed0b9d19d22e55681d5330c1c693cb8bcfe/typos-1.43.5-py3-none-musllinux_1_2_aarch64.whl", hash = "sha256:7ee0a71ac21820868686ad52cb26a3e08197b09ceedf04d1736cb8472061665b", size = 7053904, upload-time = "2026-02-16T15:34:11.065Z" },
    { url = "https://files.pythonhosted.org/packages/45/e1/9369b16d0797d4601a874e454825a3742b9df43941aca90d89448750ce2f/typos-1.43.5-py3-none-musllinux_1_2_x86_64.whl", hash = "sha256:09615c8f64e656940533aa025a9e8dc5c93e5cf6bfbedb059cdcafde75cb6d72", size = 8126680, upload-time = "2026-02-16T15:34:12.549Z" },
    { url = "https://files.pythonhosted.org/packages/18/6f/dd5c786e860954a31fb5d2831a4d95e5f5b019cc6c558225fb6d38edc6c1/typos-1.43.5-py3-none-win32.whl", hash = "sha256:4c865b1b6149acbdaed9d548282ccfad526e1380de19d189e7ac675cd4869156", size = 3129847, upload-time = "2026-02-16T15:34:14.309Z" },
    { url = "https://files.pythonhosted.org/packages/07/35/d496189b38ec92c0946e13e63fa630699fd785f6d765132dad0c3efe3b55/typos-1.43.5-py3-none-win_amd64.whl", hash = "sha256:10009e9a3702da037803b075efc94fa5328bd93af357fb6a2f284c0dbcc77f30", size = 3310650, upload-time = "2026-02-16T15:34:15.617Z" },
]
